
Microsoft Visual Studio Solution File, Format Version 12.00
# Visual Studio 14
VisualStudioVersion = 14.0.25420.1
MinimumVisualStudioVersion = 10.0.40219.1
Project("{FAE04EC0-301F-11D3-BF4B-00C04F79EFBC}") = "ClassManagement.Droid", "ClassManagement\ClassManagement.Droid\ClassManagement.Droid.csproj", "{FDCC6472-915F-4EE5-A40B-8EA94D1AB87C}"
EndProject
Project("{FAE04EC0-301F-11D3-BF4B-00C04F79EFBC}") = "ClassManagement.iOS", "ClassManagement\ClassManagement.iOS\ClassManagement.iOS.csproj", "{96E2E149-2FF5-4C50-9E78-D67BD9EC5174}"
EndProject
Project("{FAE04EC0-301F-11D3-BF4B-00C04F79EFBC}") = "ClassManagement", "ClassManagement\ClassManagement\ClassManagement.csproj", "{CC56DB91-66BC-47F8-A13B-730655778C88}"
EndProject
Project("{FAE04EC0-301F-11D3-BF4B-00C04F79EFBC}") = "ClassManagement.UWP", "ClassManagement\ClassManagement.UWP\ClassManagement.UWP.csproj", "{4C9D2D7A-CA2F-48FE-845D-628D03A3610D}"
EndProject
Global
	GlobalSection(SolutionConfigurationPlatforms) = preSolution
		Ad-Hoc|Any CPU = Ad-Hoc|Any CPU
		Ad-Hoc|ARM = Ad-Hoc|ARM
		Ad-Hoc|iPhone = Ad-Hoc|iPhone
		Ad-Hoc|iPhoneSimulator = Ad-Hoc|iPhoneSimulator
		Ad-Hoc|x64 = Ad-Hoc|x64
		Ad-Hoc|x86 = Ad-Hoc|x86
		AppStore|Any CPU = AppStore|Any CPU
		AppStore|ARM = AppStore|ARM
		AppStore|iPhone = AppStore|iPhone
		AppStore|iPhoneSimulator = AppStore|iPhoneSimulator
		AppStore|x64 = AppStore|x64
		AppStore|x86 = AppStore|x86
		Debug|Any CPU = Debug|Any CPU
		Debug|ARM = Debug|ARM
		Debug|iPhone = Debug|iPhone
		Debug|iPhoneSimulator = Debug|iPhoneSimulator
		Debug|x64 = Debug|x64
		Debug|x86 = Debug|x86
		Release|Any CPU = Release|Any CPU
		Release|ARM = Release|ARM
		Release|iPhone = Release|iPhone
		Release|iPhoneSimulator = Release|iPhoneSimulator
		Release|x64 = Release|x64
		Release|x86 = Release|x86
	EndGlobalSection
	GlobalSection(ProjectConfigurationPlatforms) = postSolution
		{FDCC6472-915F-4EE5-A40B-8EA94D1AB87C}.Ad-Hoc|Any CPU.ActiveCfg = Release|Any CPU
		{FDCC6472-915F-4EE5-A40B-8EA94D1AB87C}.Ad-Hoc|Any CPU.Build.0 = Release|Any CPU
		{FDCC6472-915F-4EE5-A40B-8EA94D1AB87C}.Ad-Hoc|Any CPU.Deploy.0 = Release|Any CPU
		{FDCC6472-915F-4EE5-A40B-8EA94D1AB87C}.Ad-Hoc|ARM.ActiveCfg = Release|Any CPU
		{FDCC6472-915F-4EE5-A40B-8EA94D1AB87C}.Ad-Hoc|ARM.Build.0 = Release|Any CPU
		{FDCC6472-915F-4EE5-A40B-8EA94D1AB87C}.Ad-Hoc|ARM.Deploy.0 = Release|Any CPU
		{FDCC6472-915F-4EE5-A40B-8EA94D1AB87C}.Ad-Hoc|iPhone.ActiveCfg = Release|Any CPU
		{FDCC6472-915F-4EE5-A40B-8EA94D1AB87C}.Ad-Hoc|iPhone.Build.0 = Release|Any CPU
		{FDCC6472-915F-4EE5-A40B-8EA94D1AB87C}.Ad-Hoc|iPhone.Deploy.0 = Release|Any CPU
		{FDCC6472-915F-4EE5-A40B-8EA94D1AB87C}.Ad-Hoc|iPhoneSimulator.ActiveCfg = Release|Any CPU
		{FDCC6472-915F-4EE5-A40B-8EA94D1AB87C}.Ad-Hoc|iPhoneSimulator.Build.0 = Release|Any CPU
		{FDCC6472-915F-4EE5-A40B-8EA94D1AB87C}.Ad-Hoc|iPhoneSimulator.Deploy.0 = Release|Any CPU
		{FDCC6472-915F-4EE5-A40B-8EA94D1AB87C}.Ad-Hoc|x64.ActiveCfg = Release|Any CPU
		{FDCC6472-915F-4EE5-A40B-8EA94D1AB87C}.Ad-Hoc|x64.Build.0 = Release|Any CPU
		{FDCC6472-915F-4EE5-A40B-8EA94D1AB87C}.Ad-Hoc|x64.Deploy.0 = Release|Any CPU
		{FDCC6472-915F-4EE5-A40B-8EA94D1AB87C}.Ad-Hoc|x86.ActiveCfg = Release|Any CPU
		{FDCC6472-915F-4EE5-A40B-8EA94D1AB87C}.Ad-Hoc|x86.Build.0 = Release|Any CPU
		{FDCC6472-915F-4EE5-A40B-8EA94D1AB87C}.Ad-Hoc|x86.Deploy.0 = Release|Any CPU
		{FDCC6472-915F-4EE5-A40B-8EA94D1AB87C}.AppStore|Any CPU.ActiveCfg = Release|Any CPU
		{FDCC6472-915F-4EE5-A40B-8EA94D1AB87C}.AppStore|Any CPU.Build.0 = Release|Any CPU
		{FDCC6472-915F-4EE5-A40B-8EA94D1AB87C}.AppStore|Any CPU.Deploy.0 = Release|Any CPU
		{FDCC6472-915F-4EE5-A40B-8EA94D1AB87C}.AppStore|ARM.ActiveCfg = Release|Any CPU
		{FDCC6472-915F-4EE5-A40B-8EA94D1AB87C}.AppStore|ARM.Build.0 = Release|Any CPU
		{FDCC6472-915F-4EE5-A40B-8EA94D1AB87C}.AppStore|ARM.Deploy.0 = Release|Any CPU
		{FDCC6472-915F-4EE5-A40B-8EA94D1AB87C}.AppStore|iPhone.ActiveCfg = Release|Any CPU
		{FDCC6472-915F-4EE5-A40B-8EA94D1AB87C}.AppStore|iPhone.Build.0 = Release|Any CPU
		{FDCC6472-915F-4EE5-A40B-8EA94D1AB87C}.AppStore|iPhone.Deploy.0 = Release|Any CPU
		{FDCC6472-915F-4EE5-A40B-8EA94D1AB87C}.AppStore|iPhoneSimulator.ActiveCfg = Release|Any CPU
		{FDCC6472-915F-4EE5-A40B-8EA94D1AB87C}.AppStore|iPhoneSimulator.Build.0 = Release|Any CPU
		{FDCC6472-915F-4EE5-A40B-8EA94D1AB87C}.AppStore|iPhoneSimulator.Deploy.0 = Release|Any CPU
		{FDCC6472-915F-4EE5-A40B-8EA94D1AB87C}.AppStore|x64.ActiveCfg = Release|Any CPU
		{FDCC6472-915F-4EE5-A40B-8EA94D1AB87C}.AppStore|x64.Build.0 = Release|Any CPU
		{FDCC6472-915F-4EE5-A40B-8EA94D1AB87C}.AppStore|x64.Deploy.0 = Release|Any CPU
		{FDCC6472-915F-4EE5-A40B-8EA94D1AB87C}.AppStore|x86.ActiveCfg = Release|Any CPU
		{FDCC6472-915F-4EE5-A40B-8EA94D1AB87C}.AppStore|x86.Build.0 = Release|Any CPU
		{FDCC6472-915F-4EE5-A40B-8EA94D1AB87C}.AppStore|x86.Deploy.0 = Release|Any CPU
		{FDCC6472-915F-4EE5-A40B-8EA94D1AB87C}.Debug|Any CPU.ActiveCfg = Debug|Any CPU
		{FDCC6472-915F-4EE5-A40B-8EA94D1AB87C}.Debug|Any CPU.Build.0 = Debug|Any CPU
		{FDCC6472-915F-4EE5-A40B-8EA94D1AB87C}.Debug|Any CPU.Deploy.0 = Debug|Any CPU
		{FDCC6472-915F-4EE5-A40B-8EA94D1AB87C}.Debug|ARM.ActiveCfg = Debug|Any CPU
		{FDCC6472-915F-4EE5-A40B-8EA94D1AB87C}.Debug|ARM.Build.0 = Debug|Any CPU
		{FDCC6472-915F-4EE5-A40B-8EA94D1AB87C}.Debug|ARM.Deploy.0 = Debug|Any CPU
		{FDCC6472-915F-4EE5-A40B-8EA94D1AB87C}.Debug|iPhone.ActiveCfg = Debug|Any CPU
		{FDCC6472-915F-4EE5-A40B-8EA94D1AB87C}.Debug|iPhone.Build.0 = Debug|Any CPU
		{FDCC6472-915F-4EE5-A40B-8EA94D1AB87C}.Debug|iPhone.Deploy.0 = Debug|Any CPU
		{FDCC6472-915F-4EE5-A40B-8EA94D1AB87C}.Debug|iPhoneSimulator.ActiveCfg = Debug|Any CPU
		{FDCC6472-915F-4EE5-A40B-8EA94D1AB87C}.Debug|iPhoneSimulator.Build.0 = Debug|Any CPU
		{FDCC6472-915F-4EE5-A40B-8EA94D1AB87C}.Debug|iPhoneSimulator.Deploy.0 = Debug|Any CPU
		{FDCC6472-915F-4EE5-A40B-8EA94D1AB87C}.Debug|x64.ActiveCfg = Debug|Any CPU
		{FDCC6472-915F-4EE5-A40B-8EA94D1AB87C}.Debug|x64.Build.0 = Debug|Any CPU
		{FDCC6472-915F-4EE5-A40B-8EA94D1AB87C}.Debug|x64.Deploy.0 = Debug|Any CPU
		{FDCC6472-915F-4EE5-A40B-8EA94D1AB87C}.Debug|x86.ActiveCfg = Debug|Any CPU
		{FDCC6472-915F-4EE5-A40B-8EA94D1AB87C}.Debug|x86.Build.0 = Debug|Any CPU
		{FDCC6472-915F-4EE5-A40B-8EA94D1AB87C}.Debug|x86.Deploy.0 = Debug|Any CPU
		{FDCC6472-915F-4EE5-A40B-8EA94D1AB87C}.Release|Any CPU.ActiveCfg = Release|Any CPU
		{FDCC6472-915F-4EE5-A40B-8EA94D1AB87C}.Release|Any CPU.Build.0 = Release|Any CPU
		{FDCC6472-915F-4EE5-A40B-8EA94D1AB87C}.Release|Any CPU.Deploy.0 = Release|Any CPU
		{FDCC6472-915F-4EE5-A40B-8EA94D1AB87C}.Release|ARM.ActiveCfg = Release|Any CPU
		{FDCC6472-915F-4EE5-A40B-8EA94D1AB87C}.Release|ARM.Build.0 = Release|Any CPU
		{FDCC6472-915F-4EE5-A40B-8EA94D1AB87C}.Release|ARM.Deploy.0 = Release|Any CPU
		{FDCC6472-915F-4EE5-A40B-8EA94D1AB87C}.Release|iPhone.ActiveCfg = Release|Any CPU
		{FDCC6472-915F-4EE5-A40B-8EA94D1AB87C}.Release|iPhone.Build.0 = Release|Any CPU
		{FDCC6472-915F-4EE5-A40B-8EA94D1AB87C}.Release|iPhone.Deploy.0 = Release|Any CPU
		{FDCC6472-915F-4EE5-A40B-8EA94D1AB87C}.Release|iPhoneSimulator.ActiveCfg = Release|Any CPU
		{FDCC6472-915F-4EE5-A40B-8EA94D1AB87C}.Release|iPhoneSimulator.Build.0 = Release|Any CPU
		{FDCC6472-915F-4EE5-A40B-8EA94D1AB87C}.Release|iPhoneSimulator.Deploy.0 = Release|Any CPU
		{FDCC6472-915F-4EE5-A40B-8EA94D1AB87C}.Release|x64.ActiveCfg = Release|Any CPU
		{FDCC6472-915F-4EE5-A40B-8EA94D1AB87C}.Release|x64.Build.0 = Release|Any CPU
		{FDCC6472-915F-4EE5-A40B-8EA94D1AB87C}.Release|x64.Deploy.0 = Release|Any CPU
		{FDCC6472-915F-4EE5-A40B-8EA94D1AB87C}.Release|x86.ActiveCfg = Release|Any CPU
		{FDCC6472-915F-4EE5-A40B-8EA94D1AB87C}.Release|x86.Build.0 = Release|Any CPU
		{FDCC6472-915F-4EE5-A40B-8EA94D1AB87C}.Release|x86.Deploy.0 = Release|Any CPU
		{96E2E149-2FF5-4C50-9E78-D67BD9EC5174}.Ad-Hoc|Any CPU.ActiveCfg = Ad-Hoc|iPhone
		{96E2E149-2FF5-4C50-9E78-D67BD9EC5174}.Ad-Hoc|ARM.ActiveCfg = Ad-Hoc|iPhone
		{96E2E149-2FF5-4C50-9E78-D67BD9EC5174}.Ad-Hoc|iPhone.ActiveCfg = Ad-Hoc|iPhone
		{96E2E149-2FF5-4C50-9E78-D67BD9EC5174}.Ad-Hoc|iPhone.Build.0 = Ad-Hoc|iPhone
		{96E2E149-2FF5-4C50-9E78-D67BD9EC5174}.Ad-Hoc|iPhoneSimulator.ActiveCfg = Ad-Hoc|iPhoneSimulator
		{96E2E149-2FF5-4C50-9E78-D67BD9EC5174}.Ad-Hoc|iPhoneSimulator.Build.0 = Ad-Hoc|iPhoneSimulator
		{96E2E149-2FF5-4C50-9E78-D67BD9EC5174}.Ad-Hoc|x64.ActiveCfg = Ad-Hoc|iPhone
		{96E2E149-2FF5-4C50-9E78-D67BD9EC5174}.Ad-Hoc|x86.ActiveCfg = Ad-Hoc|iPhone
		{96E2E149-2FF5-4C50-9E78-D67BD9EC5174}.AppStore|Any CPU.ActiveCfg = AppStore|iPhone
		{96E2E149-2FF5-4C50-9E78-D67BD9EC5174}.AppStore|ARM.ActiveCfg = AppStore|iPhone
		{96E2E149-2FF5-4C50-9E78-D67BD9EC5174}.AppStore|iPhone.ActiveCfg = AppStore|iPhone
		{96E2E149-2FF5-4C50-9E78-D67BD9EC5174}.AppStore|iPhone.Build.0 = AppStore|iPhone
		{96E2E149-2FF5-4C50-9E78-D67BD9EC5174}.AppStore|iPhoneSimulator.ActiveCfg = AppStore|iPhoneSimulator
		{96E2E149-2FF5-4C50-9E78-D67BD9EC5174}.AppStore|iPhoneSimulator.Build.0 = AppStore|iPhoneSimulator
		{96E2E149-2FF5-4C50-9E78-D67BD9EC5174}.AppStore|x64.ActiveCfg = AppStore|iPhone
		{96E2E149-2FF5-4C50-9E78-D67BD9EC5174}.AppStore|x86.ActiveCfg = AppStore|iPhone
		{96E2E149-2FF5-4C50-9E78-D67BD9EC5174}.Debug|Any CPU.ActiveCfg = Debug|iPhone
		{96E2E149-2FF5-4C50-9E78-D67BD9EC5174}.Debug|Any CPU.Build.0 = Debug|iPhone
		{96E2E149-2FF5-4C50-9E78-D67BD9EC5174}.Debug|Any CPU.Deploy.0 = Debug|iPhone
		{96E2E149-2FF5-4C50-9E78-D67BD9EC5174}.Debug|ARM.ActiveCfg = Debug|iPhone
		{96E2E149-2FF5-4C50-9E78-D67BD9EC5174}.Debug|iPhone.ActiveCfg = Debug|iPhone
		{96E2E149-2FF5-4C50-9E78-D67BD9EC5174}.Debug|iPhone.Build.0 = Debug|iPhone
		{96E2E149-2FF5-4C50-9E78-D67BD9EC5174}.Debug|iPhoneSimulator.ActiveCfg = Debug|iPhoneSimulator
		{96E2E149-2FF5-4C50-9E78-D67BD9EC5174}.Debug|iPhoneSimulator.Build.0 = Debug|iPhoneSimulator
		{96E2E149-2FF5-4C50-9E78-D67BD9EC5174}.Debug|x64.ActiveCfg = Debug|iPhone
		{96E2E149-2FF5-4C50-9E78-D67BD9EC5174}.Debug|x86.ActiveCfg = Debug|iPhone
		{96E2E149-2FF5-4C50-9E78-D67BD9EC5174}.Release|Any CPU.ActiveCfg = Release|iPhone
		{96E2E149-2FF5-4C50-9E78-D67BD9EC5174}.Release|Any CPU.Build.0 = Release|iPhone
		{96E2E149-2FF5-4C50-9E78-D67BD9EC5174}.Release|ARM.ActiveCfg = Release|iPhone
		{96E2E149-2FF5-4C50-9E78-D67BD9EC5174}.Release|iPhone.ActiveCfg = Release|iPhone
		{96E2E149-2FF5-4C50-9E78-D67BD9EC5174}.Release|iPhone.Build.0 = Release|iPhone
		{96E2E149-2FF5-4C50-9E78-D67BD9EC5174}.Release|iPhoneSimulator.ActiveCfg = Release|iPhoneSimulator
		{96E2E149-2FF5-4C50-9E78-D67BD9EC5174}.Release|iPhoneSimulator.Build.0 = Release|iPhoneSimulator
		{96E2E149-2FF5-4C50-9E78-D67BD9EC5174}.Release|iPhoneSimulator.Deploy.0 = Release|iPhoneSimulator
		{96E2E149-2FF5-4C50-9E78-D67BD9EC5174}.Release|x64.ActiveCfg = Release|iPhone
		{96E2E149-2FF5-4C50-9E78-D67BD9EC5174}.Release|x86.ActiveCfg = Release|iPhone
		{CC56DB91-66BC-47F8-A13B-730655778C88}.Ad-Hoc|Any CPU.ActiveCfg = Release|Any CPU
		{CC56DB91-66BC-47F8-A13B-730655778C88}.Ad-Hoc|Any CPU.Build.0 = Release|Any CPU
		{CC56DB91-66BC-47F8-A13B-730655778C88}.Ad-Hoc|ARM.ActiveCfg = Release|Any CPU
		{CC56DB91-66BC-47F8-A13B-730655778C88}.Ad-Hoc|ARM.Build.0 = Release|Any CPU
		{CC56DB91-66BC-47F8-A13B-730655778C88}.Ad-Hoc|iPhone.ActiveCfg = Release|Any CPU
		{CC56DB91-66BC-47F8-A13B-730655778C88}.Ad-Hoc|iPhone.Build.0 = Release|Any CPU
		{CC56DB91-66BC-47F8-A13B-730655778C88}.Ad-Hoc|iPhoneSimulator.ActiveCfg = Release|Any CPU
		{CC56DB91-66BC-47F8-A13B-730655778C88}.Ad-Hoc|iPhoneSimulator.Build.0 = Release|Any CPU
		{CC56DB91-66BC-47F8-A13B-730655778C88}.Ad-Hoc|x64.ActiveCfg = Release|Any CPU
		{CC56DB91-66BC-47F8-A13B-730655778C88}.Ad-Hoc|x64.Build.0 = Release|Any CPU
		{CC56DB91-66BC-47F8-A13B-730655778C88}.Ad-Hoc|x86.ActiveCfg = Release|Any CPU
		{CC56DB91-66BC-47F8-A13B-730655778C88}.Ad-Hoc|x86.Build.0 = Release|Any CPU
		{CC56DB91-66BC-47F8-A13B-730655778C88}.AppStore|Any CPU.ActiveCfg = Release|Any CPU
		{CC56DB91-66BC-47F8-A13B-730655778C88}.AppStore|Any CPU.Build.0 = Release|Any CPU
		{CC56DB91-66BC-47F8-A13B-730655778C88}.AppStore|ARM.ActiveCfg = Release|Any CPU
		{CC56DB91-66BC-47F8-A13B-730655778C88}.AppStore|ARM.Build.0 = Release|Any CPU
		{CC56DB91-66BC-47F8-A13B-730655778C88}.AppStore|iPhone.ActiveCfg = Release|Any CPU
		{CC56DB91-66BC-47F8-A13B-730655778C88}.AppStore|iPhone.Build.0 = Release|Any CPU
		{CC56DB91-66BC-47F8-A13B-730655778C88}.AppStore|iPhoneSimulator.ActiveCfg = Release|Any CPU
		{CC56DB91-66BC-47F8-A13B-730655778C88}.AppStore|iPhoneSimulator.Build.0 = Release|Any CPU
		{CC56DB91-66BC-47F8-A13B-730655778C88}.AppStore|x64.ActiveCfg = Release|Any CPU
		{CC56DB91-66BC-47F8-A13B-730655778C88}.AppStore|x64.Build.0 = Release|Any CPU
		{CC56DB91-66BC-47F8-A13B-730655778C88}.AppStore|x86.ActiveCfg = Release|Any CPU
		{CC56DB91-66BC-47F8-A13B-730655778C88}.AppStore|x86.Build.0 = Release|Any CPU
		{CC56DB91-66BC-47F8-A13B-730655778C88}.Debug|Any CPU.ActiveCfg = Debug|Any CPU
		{CC56DB91-66BC-47F8-A13B-730655778C88}.Debug|Any CPU.Build.0 = Debug|Any CPU
		{CC56DB91-66BC-47F8-A13B-730655778C88}.Debug|Any CPU.Deploy.0 = Debug|Any CPU
		{CC56DB91-66BC-47F8-A13B-730655778C88}.Debug|ARM.ActiveCfg = Debug|Any CPU
		{CC56DB91-66BC-47F8-A13B-730655778C88}.Debug|ARM.Build.0 = Debug|Any CPU
		{CC56DB91-66BC-47F8-A13B-730655778C88}.Debug|iPhone.ActiveCfg = Debug|Any CPU
		{CC56DB91-66BC-47F8-A13B-730655778C88}.Debug|iPhone.Build.0 = Debug|Any CPU
		{CC56DB91-66BC-47F8-A13B-730655778C88}.Debug|iPhoneSimulator.ActiveCfg = Debug|Any CPU
		{CC56DB91-66BC-47F8-A13B-730655778C88}.Debug|iPhoneSimulator.Build.0 = Debug|Any CPU
		{CC56DB91-66BC-47F8-A13B-730655778C88}.Debug|x64.ActiveCfg = Debug|Any CPU
		{CC56DB91-66BC-47F8-A13B-730655778C88}.Debug|x64.Build.0 = Debug|Any CPU
		{CC56DB91-66BC-47F8-A13B-730655778C88}.Debug|x86.ActiveCfg = Debug|Any CPU
		{CC56DB91-66BC-47F8-A13B-730655778C88}.Debug|x86.Build.0 = Debug|Any CPU
		{CC56DB91-66BC-47F8-A13B-730655778C88}.Release|Any CPU.ActiveCfg = Release|Any CPU
		{CC56DB91-66BC-47F8-A13B-730655778C88}.Release|Any CPU.Build.0 = Release|Any CPU
		{CC56DB91-66BC-47F8-A13B-730655778C88}.Release|ARM.ActiveCfg = Release|Any CPU
		{CC56DB91-66BC-47F8-A13B-730655778C88}.Release|ARM.Build.0 = Release|Any CPU
		{CC56DB91-66BC-47F8-A13B-730655778C88}.Release|iPhone.ActiveCfg = Release|Any CPU
		{CC56DB91-66BC-47F8-A13B-730655778C88}.Release|iPhone.Build.0 = Release|Any CPU
		{CC56DB91-66BC-47F8-A13B-730655778C88}.Release|iPhoneSimulator.ActiveCfg = Release|Any CPU
		{CC56DB91-66BC-47F8-A13B-730655778C88}.Release|iPhoneSimulator.Build.0 = Release|Any CPU
		{CC56DB91-66BC-47F8-A13B-730655778C88}.Release|x64.ActiveCfg = Release|Any CPU
		{CC56DB91-66BC-47F8-A13B-730655778C88}.Release|x64.Build.0 = Release|Any CPU
		{CC56DB91-66BC-47F8-A13B-730655778C88}.Release|x86.ActiveCfg = Release|Any CPU
		{CC56DB91-66BC-47F8-A13B-730655778C88}.Release|x86.Build.0 = Release|Any CPU
		{4C9D2D7A-CA2F-48FE-845D-628D03A3610D}.Ad-Hoc|Any CPU.ActiveCfg = Release|x64
		{4C9D2D7A-CA2F-48FE-845D-628D03A3610D}.Ad-Hoc|Any CPU.Build.0 = Release|x64
		{4C9D2D7A-CA2F-48FE-845D-628D03A3610D}.Ad-Hoc|Any CPU.Deploy.0 = Release|x64
		{4C9D2D7A-CA2F-48FE-845D-628D03A3610D}.Ad-Hoc|ARM.ActiveCfg = Release|ARM
		{4C9D2D7A-CA2F-48FE-845D-628D03A3610D}.Ad-Hoc|ARM.Build.0 = Release|ARM
		{4C9D2D7A-CA2F-48FE-845D-628D03A3610D}.Ad-Hoc|ARM.Deploy.0 = Release|ARM
		{4C9D2D7A-CA2F-48FE-845D-628D03A3610D}.Ad-Hoc|iPhone.ActiveCfg = Release|x64
		{4C9D2D7A-CA2F-48FE-845D-628D03A3610D}.Ad-Hoc|iPhone.Build.0 = Release|x64
		{4C9D2D7A-CA2F-48FE-845D-628D03A3610D}.Ad-Hoc|iPhone.Deploy.0 = Release|x64
		{4C9D2D7A-CA2F-48FE-845D-628D03A3610D}.Ad-Hoc|iPhoneSimulator.ActiveCfg = Release|x64
		{4C9D2D7A-CA2F-48FE-845D-628D03A3610D}.Ad-Hoc|iPhoneSimulator.Build.0 = Release|x64
		{4C9D2D7A-CA2F-48FE-845D-628D03A3610D}.Ad-Hoc|iPhoneSimulator.Deploy.0 = Release|x64
		{4C9D2D7A-CA2F-48FE-845D-628D03A3610D}.Ad-Hoc|x64.ActiveCfg = Release|x64
		{4C9D2D7A-CA2F-48FE-845D-628D03A3610D}.Ad-Hoc|x64.Build.0 = Release|x64
		{4C9D2D7A-CA2F-48FE-845D-628D03A3610D}.Ad-Hoc|x64.Deploy.0 = Release|x64
		{4C9D2D7A-CA2F-48FE-845D-628D03A3610D}.Ad-Hoc|x86.ActiveCfg = Release|x86
		{4C9D2D7A-CA2F-48FE-845D-628D03A3610D}.Ad-Hoc|x86.Build.0 = Release|x86
		{4C9D2D7A-CA2F-48FE-845D-628D03A3610D}.Ad-Hoc|x86.Deploy.0 = Release|x86
		{4C9D2D7A-CA2F-48FE-845D-628D03A3610D}.AppStore|Any CPU.ActiveCfg = Release|x64
		{4C9D2D7A-CA2F-48FE-845D-628D03A3610D}.AppStore|Any CPU.Build.0 = Release|x64
		{4C9D2D7A-CA2F-48FE-845D-628D03A3610D}.AppStore|Any CPU.Deploy.0 = Release|x64
		{4C9D2D7A-CA2F-48FE-845D-628D03A3610D}.AppStore|ARM.ActiveCfg = Release|ARM
		{4C9D2D7A-CA2F-48FE-845D-628D03A3610D}.AppStore|ARM.Build.0 = Release|ARM
		{4C9D2D7A-CA2F-48FE-845D-628D03A3610D}.AppStore|ARM.Deploy.0 = Release|ARM
		{4C9D2D7A-CA2F-48FE-845D-628D03A3610D}.AppStore|iPhone.ActiveCfg = Release|x64
		{4C9D2D7A-CA2F-48FE-845D-628D03A3610D}.AppStore|iPhone.Build.0 = Release|x64
		{4C9D2D7A-CA2F-48FE-845D-628D03A3610D}.AppStore|iPhone.Deploy.0 = Release|x64
		{4C9D2D7A-CA2F-48FE-845D-628D03A3610D}.AppStore|iPhoneSimulator.ActiveCfg = Release|x64
		{4C9D2D7A-CA2F-48FE-845D-628D03A3610D}.AppStore|iPhoneSimulator.Build.0 = Release|x64
		{4C9D2D7A-CA2F-48FE-845D-628D03A3610D}.AppStore|iPhoneSimulator.Deploy.0 = Release|x64
		{4C9D2D7A-CA2F-48FE-845D-628D03A3610D}.AppStore|x64.ActiveCfg = Release|x64
		{4C9D2D7A-CA2F-48FE-845D-628D03A3610D}.AppStore|x64.Build.0 = Release|x64
		{4C9D2D7A-CA2F-48FE-845D-628D03A3610D}.AppStore|x64.Deploy.0 = Release|x64
		{4C9D2D7A-CA2F-48FE-845D-628D03A3610D}.AppStore|x86.ActiveCfg = Release|x86
		{4C9D2D7A-CA2F-48FE-845D-628D03A3610D}.AppStore|x86.Build.0 = Release|x86
		{4C9D2D7A-CA2F-48FE-845D-628D03A3610D}.AppStore|x86.Deploy.0 = Release|x86
		{4C9D2D7A-CA2F-48FE-845D-628D03A3610D}.Debug|Any CPU.ActiveCfg = Debug|x86
		{4C9D2D7A-CA2F-48FE-845D-628D03A3610D}.Debug|Any CPU.Build.0 = Debug|x86
		{4C9D2D7A-CA2F-48FE-845D-628D03A3610D}.Debug|Any CPU.Deploy.0 = Debug|x86
		{4C9D2D7A-CA2F-48FE-845D-628D03A3610D}.Debug|ARM.ActiveCfg = Debug|ARM
		{4C9D2D7A-CA2F-48FE-845D-628D03A3610D}.Debug|ARM.Build.0 = Debug|ARM
		{4C9D2D7A-CA2F-48FE-845D-628D03A3610D}.Debug|ARM.Deploy.0 = Debug|ARM
		{4C9D2D7A-CA2F-48FE-845D-628D03A3610D}.Debug|iPhone.ActiveCfg = Debug|x86
		{4C9D2D7A-CA2F-48FE-845D-628D03A3610D}.Debug|iPhoneSimulator.ActiveCfg = Debug|x86
		{4C9D2D7A-CA2F-48FE-845D-628D03A3610D}.Debug|x64.ActiveCfg = Debug|x64
		{4C9D2D7A-CA2F-48FE-845D-628D03A3610D}.Debug|x64.Build.0 = Debug|x64
		{4C9D2D7A-CA2F-48FE-845D-628D03A3610D}.Debug|x64.Deploy.0 = Debug|x64
		{4C9D2D7A-CA2F-48FE-845D-628D03A3610D}.Debug|x86.ActiveCfg = Debug|x86
		{4C9D2D7A-CA2F-48FE-845D-628D03A3610D}.Debug|x86.Build.0 = Debug|x86
		{4C9D2D7A-CA2F-48FE-845D-628D03A3610D}.Debug|x86.Deploy.0 = Debug|x86
		{4C9D2D7A-CA2F-48FE-845D-628D03A3610D}.Release|Any CPU.ActiveCfg = Release|x86
		{4C9D2D7A-CA2F-48FE-845D-628D03A3610D}.Release|Any CPU.Build.0 = Release|x86
		{4C9D2D7A-CA2F-48FE-845D-628D03A3610D}.Release|Any CPU.Deploy.0 = Release|x86
		{4C9D2D7A-CA2F-48FE-845D-628D03A3610D}.Release|ARM.ActiveCfg = Release|ARM
		{4C9D2D7A-CA2F-48FE-845D-628D03A3610D}.Release|ARM.Build.0 = Release|ARM
		{4C9D2D7A-CA2F-48FE-845D-628D03A3610D}.Release|ARM.Deploy.0 = Release|ARM
		{4C9D2D7A-CA2F-48FE-845D-628D03A3610D}.Release|iPhone.ActiveCfg = Release|x86
		{4C9D2D7A-CA2F-48FE-845D-628D03A3610D}.Release|iPhoneSimulator.ActiveCfg = Release|x86
		{4C9D2D7A-CA2F-48FE-845D-628D03A3610D}.Release|x64.ActiveCfg = Release|x64
		{4C9D2D7A-CA2F-48FE-845D-628D03A3610D}.Release|x64.Build.0 = Release|x64
		{4C9D2D7A-CA2F-48FE-845D-628D03A3610D}.Release|x64.Deploy.0 = Release|x64
		{4C9D2D7A-CA2F-48FE-845D-628D03A3610D}.Release|x86.ActiveCfg = Release|x86
		{4C9D2D7A-CA2F-48FE-845D-628D03A3610D}.Release|x86.Build.0 = Release|x86
		{4C9D2D7A-CA2F-48FE-845D-628D03A3610D}.Release|x86.Deploy.0 = Release|x86
	EndGlobalSection
	GlobalSection(SolutionProperties) = preSolution
		HideSolutionNode = FALSE
	EndGlobalSection
EndGlobal
